// !$*UTF8*$!
{
	archiveVersion = 1;
	classes = {
	};
	objectVersion = 50;
	objects = {

/* Begin PBXBuildFile section */
		784C764823FC7AAC00029266 /* BaseTabBarController.swift in Sources */ = {isa = PBXBuildFile; fileRef = 784C764723FC7AAC00029266 /* BaseTabBarController.swift */; };
		784C764B23FC7AFF00029266 /* Alert.swift in Sources */ = {isa = PBXBuildFile; fileRef = 784C764A23FC7AFF00029266 /* Alert.swift */; };
		784C764D23FC7B0600029266 /* Alert.xib in Resources */ = {isa = PBXBuildFile; fileRef = 784C764C23FC7B0600029266 /* Alert.xib */; };
		784C764F23FC7B1100029266 /* TextAlert.swift in Sources */ = {isa = PBXBuildFile; fileRef = 784C764E23FC7B1100029266 /* TextAlert.swift */; };
		784C765123FC7B1900029266 /* TextAlert.xib in Resources */ = {isa = PBXBuildFile; fileRef = 784C765023FC7B1900029266 /* TextAlert.xib */; };
		784C765323FC7B2300029266 /* ProgressView.swift in Sources */ = {isa = PBXBuildFile; fileRef = 784C765223FC7B2300029266 /* ProgressView.swift */; };
		784C765523FC7B2C00029266 /* ProgressView.xib in Resources */ = {isa = PBXBuildFile; fileRef = 784C765423FC7B2C00029266 /* ProgressView.xib */; };
		78C3185F246C400C001B4315 /* JSON.swift in Sources */ = {isa = PBXBuildFile; fileRef = 78C3185E246C400C001B4315 /* JSON.swift */; };
		78C9134F23610B07002F6EAF /* AppDelegate.swift in Sources */ = {isa = PBXBuildFile; fileRef = 78C9134E23610B07002F6EAF /* AppDelegate.swift */; };
		78C9135123610B07002F6EAF /* ViewController.swift in Sources */ = {isa = PBXBuildFile; fileRef = 78C9135023610B07002F6EAF /* ViewController.swift */; };
		78C9135423610B07002F6EAF /* Main.storyboard in Resources */ = {isa = PBXBuildFile; fileRef = 78C9135223610B07002F6EAF /* Main.storyboard */; };
		78C9135623610B08002F6EAF /* Assets.xcassets in Resources */ = {isa = PBXBuildFile; fileRef = 78C9135523610B08002F6EAF /* Assets.xcassets */; };
		78C9135923610B08002F6EAF /* LaunchScreen.storyboard in Resources */ = {isa = PBXBuildFile; fileRef = 78C9135723610B08002F6EAF /* LaunchScreen.storyboard */; };
		78C9136423610B99002F6EAF /* BaseNavigationController.swift in Sources */ = {isa = PBXBuildFile; fileRef = 78C9136323610B99002F6EAF /* BaseNavigationController.swift */; };
		78C9136623610BD5002F6EAF /* BaseViewController.swift in Sources */ = {isa = PBXBuildFile; fileRef = 78C9136523610BD5002F6EAF /* BaseViewController.swift */; };
		78C9136823610BE9002F6EAF /* BaseTableViewController.swift in Sources */ = {isa = PBXBuildFile; fileRef = 78C9136723610BE9002F6EAF /* BaseTableViewController.swift */; };
		78C9136C23610C39002F6EAF /* UIKitExtensions.swift in Sources */ = {isa = PBXBuildFile; fileRef = 78C9136B23610C39002F6EAF /* UIKitExtensions.swift */; };
		78C9136E23610C49002F6EAF /* FoundationExtensions.swift in Sources */ = {isa = PBXBuildFile; fileRef = 78C9136D23610C49002F6EAF /* FoundationExtensions.swift */; };
/* End PBXBuildFile section */

/* Begin PBXFileReference section */
		784C764723FC7AAC00029266 /* BaseTabBarController.swift */ = {isa = PBXFileReference; lastKnownFileType = sourcecode.swift; path = BaseTabBarController.swift; sourceTree = "<group>"; };
		784C764A23FC7AFF00029266 /* Alert.swift */ = {isa = PBXFileReference; lastKnownFileType = sourcecode.swift; path = Alert.swift; sourceTree = "<group>"; };
		784C764C23FC7B0600029266 /* Alert.xib */ = {isa = PBXFileReference; lastKnownFileType = file.xib; path = Alert.xib; sourceTree = "<group>"; };
		784C764E23FC7B1100029266 /* TextAlert.swift */ = {isa = PBXFileReference; lastKnownFileType = sourcecode.swift; path = TextAlert.swift; sourceTree = "<group>"; };
		784C765023FC7B1900029266 /* TextAlert.xib */ = {isa = PBXFileReference; lastKnownFileType = file.xib; path = TextAlert.xib; sourceTree = "<group>"; };
		784C765223FC7B2300029266 /* ProgressView.swift */ = {isa = PBXFileReference; lastKnownFileType = sourcecode.swift; path = ProgressView.swift; sourceTree = "<group>"; };
		784C765423FC7B2C00029266 /* ProgressView.xib */ = {isa = PBXFileReference; lastKnownFileType = file.xib; path = ProgressView.xib; sourceTree = "<group>"; };
		78C3185E246C400C001B4315 /* JSON.swift */ = {isa = PBXFileReference; lastKnownFileType = sourcecode.swift; path = JSON.swift; sourceTree = "<group>"; };
		78C9134B23610B07002F6EAF /* BaseProject.app */ = {isa = PBXFileReference; explicitFileType = wrapper.application; includeInIndex = 0; path = BaseProject.app; sourceTree = BUILT_PRODUCTS_DIR; };
		78C9134E23610B07002F6EAF /* AppDelegate.swift */ = {isa = PBXFileReference; lastKnownFileType = sourcecode.swift; path = AppDelegate.swift; sourceTree = "<group>"; };
		78C9135023610B07002F6EAF /* ViewController.swift */ = {isa = PBXFileReference; lastKnownFileType = sourcecode.swift; path = ViewController.swift; sourceTree = "<group>"; };
		78C9135323610B07002F6EAF /* Base */ = {isa = PBXFileReference; lastKnownFileType = file.storyboard; name = Base; path = Base.lproj/Main.storyboard; sourceTree = "<group>"; };
		78C9135523610B08002F6EAF /* Assets.xcassets */ = {isa = PBXFileReference; lastKnownFileType = folder.assetcatalog; path = Assets.xcassets; sourceTree = "<group>"; };
		78C9135823610B08002F6EAF /* Base */ = {isa = PBXFileReference; lastKnownFileType = file.storyboard; name = Base; path = Base.lproj/LaunchScreen.storyboard; sourceTree = "<group>"; };
		78C9135A23610B08002F6EAF /* Info.plist */ = {isa = PBXFileReference; lastKnownFileType = text.plist.xml; path = Info.plist; sourceTree = "<group>"; };
		78C9136323610B99002F6EAF /* BaseNavigationController.swift */ = {isa = PBXFileReference; lastKnownFileType = sourcecode.swift; path = BaseNavigationController.swift; sourceTree = "<group>"; };
		78C9136523610BD5002F6EAF /* BaseViewController.swift */ = {isa = PBXFileReference; lastKnownFileType = sourcecode.swift; path = BaseViewController.swift; sourceTree = "<group>"; };
		78C9136723610BE9002F6EAF /* BaseTableViewController.swift */ = {isa = PBXFileReference; lastKnownFileType = sourcecode.swift; path = BaseTableViewController.swift; sourceTree = "<group>"; };
		78C9136B23610C39002F6EAF /* UIKitExtensions.swift */ = {isa = PBXFileReference; lastKnownFileType = sourcecode.swift; path = UIKitExtensions.swift; sourceTree = "<group>"; };
		78C9136D23610C49002F6EAF /* FoundationExtensions.swift */ = {isa = PBXFileReference; lastKnownFileType = sourcecode.swift; path = FoundationExtensions.swift; sourceTree = "<group>"; };
/* End PBXFileReference section */

/* Begin PBXFrameworksBuildPhase section */
		78C9134823610B07002F6EAF /* Frameworks */ = {
			isa = PBXFrameworksBuildPhase;
			buildActionMask = 2147483647;
			files = (
			);
			runOnlyForDeploymentPostprocessing = 0;
		};
/* End PBXFrameworksBuildPhase section */

/* Begin PBXGroup section */
		784C764923FC7AE900029266 /* Views */ = {
			isa = PBXGroup;
			children = (
				784C764A23FC7AFF00029266 /* Alert.swift */,
				784C764C23FC7B0600029266 /* Alert.xib */,
				784C764E23FC7B1100029266 /* TextAlert.swift */,
				784C765023FC7B1900029266 /* TextAlert.xib */,
				784C765223FC7B2300029266 /* ProgressView.swift */,
				784C765423FC7B2C00029266 /* ProgressView.xib */,
			);
			name = Views;
			sourceTree = "<group>";
		};
		78C3185D246C3FFF001B4315 /* Helpers */ = {
			isa = PBXGroup;
			children = (
				78C3185E246C400C001B4315 /* JSON.swift */,
			);
			name = Helpers;
			sourceTree = "<group>";
		};
		78C9134223610B07002F6EAF = {
			isa = PBXGroup;
			children = (
				78C9134D23610B07002F6EAF /* BaseProject */,
				78C9134C23610B07002F6EAF /* Products */,
			);
			sourceTree = "<group>";
		};
		78C9134C23610B07002F6EAF /* Products */ = {
			isa = PBXGroup;
			children = (
				78C9134B23610B07002F6EAF /* BaseProject.app */,
			);
			name = Products;
			sourceTree = "<group>";
		};
		78C9134D23610B07002F6EAF /* BaseProject */ = {
			isa = PBXGroup;
			children = (
				78C9136023610B39002F6EAF /* AppDelegate */,
				78C9136123610B66002F6EAF /* ViewControllers */,
				784C764923FC7AE900029266 /* Views */,
				78C9136A23610C21002F6EAF /* Extensions */,
				78C3185D246C3FFF001B4315 /* Helpers */,
				78C9136923610C0B002F6EAF /* Resources */,
			);
			path = BaseProject;
			sourceTree = "<group>";
		};
		78C9136023610B39002F6EAF /* AppDelegate */ = {
			isa = PBXGroup;
			children = (
				78C9134E23610B07002F6EAF /* AppDelegate.swift */,
			);
			name = AppDelegate;
			sourceTree = "<group>";
		};
		78C9136123610B66002F6EAF /* ViewControllers */ = {
			isa = PBXGroup;
			children = (
				78C9136223610B7B002F6EAF /* BaseControllers */,
				78C9135023610B07002F6EAF /* ViewController.swift */,
				78C9135223610B07002F6EAF /* Main.storyboard */,
			);
			name = ViewControllers;
			sourceTree = "<group>";
		};
		78C9136223610B7B002F6EAF /* BaseControllers */ = {
			isa = PBXGroup;
			children = (
				78C9136323610B99002F6EAF /* BaseNavigationController.swift */,
				78C9136523610BD5002F6EAF /* BaseViewController.swift */,
				78C9136723610BE9002F6EAF /* BaseTableViewController.swift */,
				784C764723FC7AAC00029266 /* BaseTabBarController.swift */,
			);
			path = BaseControllers;
			sourceTree = "<group>";
		};
		78C9136923610C0B002F6EAF /* Resources */ = {
			isa = PBXGroup;
			children = (
				78C9135523610B08002F6EAF /* Assets.xcassets */,
				78C9135723610B08002F6EAF /* LaunchScreen.storyboard */,
				78C9135A23610B08002F6EAF /* Info.plist */,
			);
			name = Resources;
			sourceTree = "<group>";
		};
		78C9136A23610C21002F6EAF /* Extensions */ = {
			isa = PBXGroup;
			children = (
				78C9136D23610C49002F6EAF /* FoundationExtensions.swift */,
				78C9136B23610C39002F6EAF /* UIKitExtensions.swift */,
			);
			name = Extensions;
			sourceTree = "<group>";
		};
/* End PBXGroup section */

/* Begin PBXNativeTarget section */
		78C9134A23610B07002F6EAF /* BaseProject */ = {
			isa = PBXNativeTarget;
			buildConfigurationList = 78C9135D23610B08002F6EAF /* Build configuration list for PBXNativeTarget "BaseProject" */;
			buildPhases = (
				78C9134723610B07002F6EAF /* Sources */,
				78C9134823610B07002F6EAF /* Frameworks */,
				78C9134923610B07002F6EAF /* Resources */,
			);
			buildRules = (
			);
			dependencies = (
			);
			name = BaseProject;
			productName = BaseProject;
			productReference = 78C9134B23610B07002F6EAF /* BaseProject.app */;
			productType = "com.apple.product-type.application";
		};
/* End PBXNativeTarget section */

/* Begin PBXProject section */
		78C9134323610B07002F6EAF /* Project object */ = {
			isa = PBXProject;
			attributes = {
				LastSwiftUpdateCheck = 1030;
				LastUpgradeCheck = 1030;
				ORGANIZATIONNAME = "Eric Ziegler";
				TargetAttributes = {
					78C9134A23610B07002F6EAF = {
						CreatedOnToolsVersion = 10.3;
					};
				};
			};
			buildConfigurationList = 78C9134623610B07002F6EAF /* Build configuration list for PBXProject "BaseProject" */;
			compatibilityVersion = "Xcode 9.3";
			developmentRegion = en;
			hasScannedForEncodings = 0;
			knownRegions = (
				en,
				Base,
			);
			mainGroup = 78C9134223610B07002F6EAF;
			productRefGroup = 78C9134C23610B07002F6EAF /* Products */;
			projectDirPath = "";
			projectRoot = "";
			targets = (
				78C9134A23610B07002F6EAF /* BaseProject */,
			);
		};
/* End PBXProject section */

/* Begin PBXResourcesBuildPhase section */
		78C9134923610B07002F6EAF /* Resources */ = {
			isa = PBXResourcesBuildPhase;
			buildActionMask = 2147483647;
			files = (
				784C765123FC7B1900029266 /* TextAlert.xib in Resources */,
				78C9135923610B08002F6EAF /* LaunchScreen.storyboard in Resources */,
				78C9135623610B08002F6EAF /* Assets.xcassets in Resources */,
				784C765523FC7B2C00029266 /* ProgressView.xib in Resources */,
				784C764D23FC7B0600029266 /* Alert.xib in Resources */,
				78C9135423610B07002F6EAF /* Main.storyboard in Resources */,
			);
			runOnlyForDeploymentPostprocessing = 0;
		};
/* End PBXResourcesBuildPhase section */

/* Begin PBXSourcesBuildPhase section */
		78C9134723610B07002F6EAF /* Sources */ = {
			isa = PBXSourcesBuildPhase;
			buildActionMask = 2147483647;
			files = (
				784C764B23FC7AFF00029266 /* Alert.swift in Sources */,
				784C764F23FC7B1100029266 /* TextAlert.swift in Sources */,
				78C9136E23610C49002F6EAF /* FoundationExtensions.swift in Sources */,
				78C3185F246C400C001B4315 /* JSON.swift in Sources */,
				78C9135123610B07002F6EAF /* ViewController.swift in Sources */,
				78C9136623610BD5002F6EAF /* BaseViewController.swift in Sources */,
				78C9136C23610C39002F6EAF /* UIKitExtensions.swift in Sources */,
				78C9136823610BE9002F6EAF /* BaseTableViewController.swift in Sources */,
				78C9136423610B99002F6EAF /* BaseNavigationController.swift in Sources */,
				78C9134F23610B07002F6EAF /* AppDelegate.swift in Sources */,
				784C764823FC7AAC00029266 /* BaseTabBarController.swift in Sources */,
				784C765323FC7B2300029266 /* ProgressView.swift in Sources */,
			);
			runOnlyForDeploymentPostprocessing = 0;
		};
/* End PBXSourcesBuildPhase section */

/* Begin PBXVariantGroup section */
		78C9135223610B07002F6EAF /* Main.storyboard */ = {
			isa = PBXVariantGroup;
			children = (
				78C9135323610B07002F6EAF /* Base */,
			);
			name = Main.storyboard;
			sourceTree = "<group>";
		};
		78C9135723610B08002F6EAF /* LaunchScreen.storyboard */ = {
			isa = PBXVariantGroup;
			children = (
				78C9135823610B08002F6EAF /* Base */,
			);
			name = LaunchScreen.storyboard;
			sourceTree = "<group>";
		};
/* End PBXVariantGroup section */

/* Begin XCBuildConfiguration section */
		78C9135B23610B08002F6EAF /* Debug */ = {
			isa = XCBuildConfiguration;
			buildSettings = {
				ALWAYS_SEARCH_USER_PATHS = NO;
				CLANG_ANALYZER_NONNULL = YES;
				CLANG_ANALYZER_NUMBER_OBJECT_CONVERSION = YES_AGGRESSIVE;
				CLANG_CXX_LANGUAGE_STANDARD = "gnu++14";
				CLANG_CXX_LIBRARY = "libc++";
				CLANG_ENABLE_MODULES = YES;
				CLANG_ENABLE_OBJC_ARC = YES;
				CLANG_ENABLE_OBJC_WEAK = YES;
				CLANG_WARN_BLOCK_CAPTURE_AUTORELEASING = YES;
				CLANG_WARN_BOOL_CONVERSION = YES;
				CLANG_WARN_COMMA = YES;
				CLANG_WARN_CONSTANT_CONVERSION = YES;
				CLANG_WARN_DEPRECATED_OBJC_IMPLEMENTATIONS = YES;
				CLANG_WARN_DIRECT_OBJC_ISA_USAGE = YES_ERROR;
				CLANG_WARN_DOCUMENTATION_COMMENTS = YES;
				CLANG_WARN_EMPTY_BODY = YES;
				CLANG_WARN_ENUM_CONVERSION = YES;
				CLANG_WARN_INFINITE_RECURSION = YES;
				CLANG_WARN_INT_CONVERSION = YES;
				CLANG_WARN_NON_LITERAL_NULL_CONVERSION = YES;
				CLANG_WARN_OBJC_IMPLICIT_RETAIN_SELF = YES;
				CLANG_WARN_OBJC_LITERAL_CONVERSION = YES;
				CLANG_WARN_OBJC_ROOT_CLASS = YES_ERROR;
				CLANG_WARN_RANGE_LOOP_ANALYSIS = YES;
				CLANG_WARN_STRICT_PROTOTYPES = YES;
				CLANG_WARN_SUSPICIOUS_MOVE = YES;
				CLANG_WARN_UNGUARDED_AVAILABILITY = YES_AGGRESSIVE;
				CLANG_WARN_UNREACHABLE_CODE = YES;
				CLANG_WARN__DUPLICATE_METHOD_MATCH = YES;
				CODE_SIGN_IDENTITY = "iPhone Developer";
				COPY_PHASE_STRIP = NO;
				DEBUG_INFORMATION_FORMAT = dwarf;
				ENABLE_STRICT_OBJC_MSGSEND = YES;
				ENABLE_TESTABILITY = YES;
				GCC_C_LANGUAGE_STANDARD = gnu11;
				GCC_DYNAMIC_NO_PIC = NO;
				GCC_NO_COMMON_BLOCKS = YES;
				GCC_OPTIMIZATION_LEVEL = 0;
				GCC_PREPROCESSOR_DEFINITIONS = (
					"DEBUG=1",
					"$(inherited)",
				);
				GCC_WARN_64_TO_32_BIT_CONVERSION = YES;
				GCC_WARN_ABOUT_RETURN_TYPE = YES_ERROR;
				GCC_WARN_UNDECLARED_SELECTOR = YES;
				GCC_WARN_UNINITIALIZED_AUTOS = YES_AGGRESSIVE;
				GCC_WARN_UNUSED_FUNCTION = YES;
				GCC_WARN_UNUSED_VARIABLE = YES;
				IPHONEOS_DEPLOYMENT_TARGET = 12.4;
				MTL_ENABLE_DEBUG_INFO = INCLUDE_SOURCE;
				MTL_FAST_MATH = YES;
				ONLY_ACTIVE_ARCH = YES;
				SDKROOT = iphoneos;
				SWIFT_ACTIVE_COMPILATION_CONDITIONS = DEBUG;
				SWIFT_OPTIMIZATION_LEVEL = "-Onone";
			};
			name = Debug;
		};
		78C9135C23610B08002F6EAF /* Release */ = {
			isa = XCBuildConfiguration;
			buildSettings = {
				ALWAYS_SEARCH_USER_PATHS = NO;
				CLANG_ANALYZER_NONNULL = YES;
				CLANG_ANALYZER_NUMBER_OBJECT_CONVERSION = YES_AGGRESSIVE;
				CLANG_CXX_LANGUAGE_STANDARD = "gnu++14";
				CLANG_CXX_LIBRARY = "libc++";
				CLANG_ENABLE_MODULES = YES;
				CLANG_ENABLE_OBJC_ARC = YES;
				CLANG_ENABLE_OBJC_WEAK = YES;
				CLANG_WARN_BLOCK_CAPTURE_AUTORELEASING = YES;
				CLANG_WARN_BOOL_CONVERSION = YES;
				CLANG_WARN_COMMA = YES;
				CLANG_WARN_CONSTANT_CONVERSION = YES;
				CLANG_WARN_DEPRECATED_OBJC_IMPLEMENTATIONS = YES;
				CLANG_WARN_DIRECT_OBJC_ISA_USAGE = YES_ERROR;
				CLANG_WARN_DOCUMENTATION_COMMENTS = YES;
				CLANG_WARN_EMPTY_BODY = YES;
				CLANG_WARN_ENUM_CONVERSION = YES;
				CLANG_WARN_INFINITE_RECURSION = YES;
				CLANG_WARN_INT_CONVERSION = YES;
				CLANG_WARN_NON_LITERAL_NULL_CONVERSION = YES;
				CLANG_WARN_OBJC_IMPLICIT_RETAIN_SELF = YES;
				CLANG_WARN_OBJC_LITERAL_CONVERSION = YES;
				CLANG_WARN_OBJC_ROOT_CLASS = YES_ERROR;
				CLANG_WARN_RANGE_LOOP_ANALYSIS = YES;
				CLANG_WARN_STRICT_PROTOTYPES = YES;
				CLANG_WARN_SUSPICIOUS_MOVE = YES;
				CLANG_WARN_UNGUARDED_AVAILABILITY = YES_AGGRESSIVE;
				CLANG_WARN_UNREACHABLE_CODE = YES;
				CLANG_WARN__DUPLICATE_METHOD_MATCH = YES;
				CODE_SIGN_IDENTITY = "iPhone Developer";
				COPY_PHASE_STRIP = NO;
				DEBUG_INFORMATION_FORMAT = "dwarf-with-dsym";
				ENABLE_NS_ASSERTIONS = NO;
				ENABLE_STRICT_OBJC_MSGSEND = YES;
				GCC_C_LANGUAGE_STANDARD = gnu11;
				GCC_NO_COMMON_BLOCKS = YES;
				GCC_WARN_64_TO_32_BIT_CONVERSION = YES;
				GCC_WARN_ABOUT_RETURN_TYPE = YES_ERROR;
				GCC_WARN_UNDECLARED_SELECTOR = YES;
				GCC_WARN_UNINITIALIZED_AUTOS = YES_AGGRESSIVE;
				GCC_WARN_UNUSED_FUNCTION = YES;
				GCC_WARN_UNUSED_VARIABLE = YES;
				IPHONEOS_DEPLOYMENT_TARGET = 12.4;
				MTL_ENABLE_DEBUG_INFO = NO;
				MTL_FAST_MATH = YES;
				SDKROOT = iphoneos;
				SWIFT_COMPILATION_MODE = wholemodule;
				SWIFT_OPTIMIZATION_LEVEL = "-O";
				VALIDATE_PRODUCT = YES;
			};
			name = Release;
		};
		78C9135E23610B08002F6EAF /* Debug */ = {
			isa = XCBuildConfiguration;
			buildSettings = {
				ASSETCATALOG_COMPILER_APPICON_NAME = AppIcon;
				CODE_SIGN_STYLE = Automatic;
				DEVELOPMENT_TEAM = MJA8334VZT;
				INFOPLIST_FILE = BaseProject/Info.plist;
				LD_RUNPATH_SEARCH_PATHS = (
					"$(inherited)",
					"@executable_path/Frameworks",
				);
				PRODUCT_BUNDLE_IDENTIFIER = com.zigabytes.BaseProject;
				PRODUCT_NAME = "$(TARGET_NAME)";
				SWIFT_VERSION = 5.0;
				TARGETED_DEVICE_FAMILY = "1,2";
			};
			name = Debug;
		};
		78C9135F23610B08002F6EAF /* Release */ = {
			isa = XCBuildConfiguration;
			buildSettings = {
				ASSETCATALOG_COMPILER_APPICON_NAME = AppIcon;
				CODE_SIGN_STYLE = Automatic;
				DEVELOPMENT_TEAM = MJA8334VZT;
				INFOPLIST_FILE = BaseProject/Info.plist;
				LD_RUNPATH_SEARCH_PATHS = (
					"$(inherited)",
					"@executable_path/Frameworks",
				);
				PRODUCT_BUNDLE_IDENTIFIER = com.zigabytes.BaseProject;
				PRODUCT_NAME = "$(TARGET_NAME)";
				SWIFT_VERSION = 5.0;
				TARGETED_DEVICE_FAMILY = "1,2";
			};
			name = Release;
		};
/* End XCBuildConfiguration section */

/* Begin XCConfigurationList section */
		78C9134623610B07002F6EAF /* Build configuration list for PBXProject "BaseProject" */ = {
			isa = XCConfigurationList;
			buildConfigurations = (
				78C9135B23610B08002F6EAF /* Debug */,
				78C9135C23610B08002F6EAF /* Release */,
			);
			defaultConfigurationIsVisible = 0;
			defaultConfigurationName = Release;
		};
		78C9135D23610B08002F6EAF /* Build configuration list for PBXNativeTarget "BaseProject" */ = {
			isa = XCConfigurationList;
			buildConfigurations = (
				78C9135E23610B08002F6EAF /* Debug */,
				78C9135F23610B08002F6EAF /* Release */,
			);
			defaultConfigurationIsVisible = 0;
			defaultConfigurationName = Release;
		};
/* End XCConfigurationList section */
	};
	rootObject = 78C9134323610B07002F6EAF /* Project object */;
}
